Microsoft Visual Studio Solution File, Format Version 12.00
# Visual Studio Version 17
VisualStudioVersion = 17.5.2.0
MinimumVisualStudioVersion = 10.0.40219.1
Project("{FAE04EC0-301F-11D3-BF4B-00C04F79EFBC}") = "MusicPlayerApp", "MusicPlayerApp.csproj", "{01F73FE9-D52A-9ADF-5C2D-E258D00A735E}"
EndProject
Global
	GlobalSection(SolutionConfigurationPlatforms) = preSolution
		Debug|Any CPU = Debug|Any CPU
		Release|Any CPU = Release|Any CPU
	EndGlobalSection
	GlobalSection(ProjectConfigurationPlatforms) = postSolution
		{01F73FE9-D52A-9ADF-5C2D-E258D00A735E}.Debug|Any CPU.ActiveCfg = Debug|Any CPU
		{01F73FE9-D52A-9ADF-5C2D-E258D00A735E}.Debug|Any CPU.Build.0 = Debug|Any CPU
		{01F73FE9-D52A-9ADF-5C2D-E258D00A735E}.Release|Any CPU.ActiveCfg = Release|Any CPU
		{01F73FE9-D52A-9ADF-5C2D-E258D00A735E}.Release|Any CPU.Build.0 = Release|Any CPU
	EndGlobalSection
	GlobalSection(SolutionProperties) = preSolution
		HideSolutionNode = FALSE
	EndGlobalSection
	GlobalSection(ExtensibilityGlobals) = postSolution
		SolutionGuid = {CD12677D-638E-4289-967A-707BBD07BBB8}
	EndGlobalSection
EndGlobal
